lockfileVersion: '9.0'

settings:
  autoInstallPeers: true
  excludeLinksFromLockfile: false

importers:

  .:
    dependencies:
      inversify:
        specifier: ^7.11.0
        version: 7.11.0(reflect-metadata@0.2.2)
      reflect-metadata:
        specifier: ^0.2.2
        version: 0.2.2

packages:

  '@inversifyjs/common@1.5.2':
    resolution: {integrity: sha512-WlzR9xGadABS9gtgZQ+luoZ8V6qm4Ii6RQfcfC9Ho2SOlE6ZuemFo7PKJvKI0ikm8cmKbU8hw5UK6E4qovH21w==}

  '@inversifyjs/container@1.15.0':
    resolution: {integrity: sha512-U2xYsPrJTz5za2TExi5lg8qOWf8TEVBpN+pQM7B8BVA2rajtbRE9A66SLRHk8c1eGXmg+0K4Hdki6tWAsSQBUA==}
    peerDependencies:
      reflect-metadata: ~0.2.2

  '@inversifyjs/core@9.2.0':
    resolution: {integrity: sha512-Nm7BR6KmpgshIHpVQWuEDehqRVb6GBm8LFEuhc2s4kSZWrArZ15RmXQzROLk4m+hkj4kMXgvMm5Qbopot/D6Sg==}

  '@inversifyjs/plugin@0.2.0':
    resolution: {integrity: sha512-R/JAdkTSD819pV1zi0HP54mWHyX+H2m8SxldXRgPQarS3ySV4KPyRdosWcfB8Se0JJZWZLHYiUNiS6JvMWSPjw==}

  '@inversifyjs/prototype-utils@0.1.3':
    resolution: {integrity: sha512-EzRamZzNgE9Sn3QtZ8NncNa2lpPMZfspqbK6BWFguWnOpK8ymp2TUuH46ruFHZhrHKnknPd7fG22ZV7iF517TQ==}

  '@inversifyjs/reflect-metadata-utils@1.4.1':
    resolution: {integrity: sha512-Cp77C4d2wLaHXiUB7iH6Cxb7i1lD/YDuTIHLTDzKINqGSz0DCSoL/Dg2wVkW/6Qx03r/yQMLJ+32Agl32N2X8g==}
    peerDependencies:
      reflect-metadata: ~0.2.2

  inversify@7.11.0:
    resolution: {integrity: sha512-yZDprSSr8TyVeMGI/AOV4ws6gwjX22hj9Z8/oHAVpJORY6WRFTcUzhnZtibBUHEw2U8ArvHcR+i863DplQ3Cwg==}

  reflect-metadata@0.2.2:
    resolution: {integrity: sha512-urBwgfrvVP/eAyXx4hluJivBKzuEbSQs9rKWCrCkbSxNv8mxPcUZKeuoF3Uy4mJl3Lwprp6yy5/39VWigZ4K6Q==}

snapshots:

  '@inversifyjs/common@1.5.2': {}

  '@inversifyjs/container@1.15.0(reflect-metadata@0.2.2)':
    dependencies:
      '@inversifyjs/common': 1.5.2
      '@inversifyjs/core': 9.2.0(reflect-metadata@0.2.2)
      '@inversifyjs/plugin': 0.2.0
      '@inversifyjs/reflect-metadata-utils': 1.4.1(reflect-metadata@0.2.2)
      reflect-metadata: 0.2.2

  '@inversifyjs/core@9.2.0(reflect-metadata@0.2.2)':
    dependencies:
      '@inversifyjs/common': 1.5.2
      '@inversifyjs/prototype-utils': 0.1.3
      '@inversifyjs/reflect-metadata-utils': 1.4.1(reflect-metadata@0.2.2)
    transitivePeerDependencies:
      - reflect-metadata

  '@inversifyjs/plugin@0.2.0': {}

  '@inversifyjs/prototype-utils@0.1.3':
    dependencies:
      '@inversifyjs/common': 1.5.2

  '@inversifyjs/reflect-metadata-utils@1.4.1(reflect-metadata@0.2.2)':
    dependencies:
      reflect-metadata: 0.2.2

  inversify@7.11.0(reflect-metadata@0.2.2):
    dependencies:
      '@inversifyjs/common': 1.5.2
      '@inversifyjs/container': 1.15.0(reflect-metadata@0.2.2)
      '@inversifyjs/core': 9.2.0(reflect-metadata@0.2.2)
    transitivePeerDependencies:
      - reflect-metadata

  reflect-metadata@0.2.2: {}
